
Microsoft Visual Studio Solution File, Format Version 12.00
# Visual Studio Version 17
VisualStudioVersion = 17.13.36105.23 d17.13
MinimumVisualStudioVersion = 10.0.40219.1
Project("{FAE04EC0-301F-11D3-BF4B-00C04F79EFBC}") = "LibraryTask", "LibraryTask.csproj", "{842513DC-0DB9-44D4-A60C-96FE22B23FA2}"
EndProject
Global
	GlobalSection(SolutionConfigurationPlatforms) = preSolution
		Debug|Any CPU = Debug|Any CPU
		Release|Any CPU = Release|Any CPU
	EndGlobalSection
	GlobalSection(ProjectConfigurationPlatforms) = postSolution
		{842513DC-0DB9-44D4-A60C-96FE22B23FA2}.Debug|Any CPU.ActiveCfg = Debug|Any CPU
		{842513DC-0DB9-44D4-A60C-96FE22B23FA2}.Debug|Any CPU.Build.0 = Debug|Any CPU
		{842513DC-0DB9-44D4-A60C-96FE22B23FA2}.Release|Any CPU.ActiveCfg = Release|Any CPU
		{842513DC-0DB9-44D4-A60C-96FE22B23FA2}.Release|Any CPU.Build.0 = Release|Any CPU
	EndGlobalSection
	GlobalSection(SolutionProperties) = preSolution
		HideSolutionNode = FALSE
	EndGlobalSection
	GlobalSection(ExtensibilityGlobals) = postSolution
		SolutionGuid = {B6C51E4B-AB20-45D5-BB97-973001B8A238}
	EndGlobalSection
EndGlobal
